// !$*UTF8*$!
{
	archiveVersion = 1;
	classes = {
	};
	objectVersion = 46;
	objects = {

/* Begin PBXBuildFile section */
		8A6F8E771B7CCC5100E731C2 /* vigenereTests.swift in Sources */ = {isa = PBXBuildFile; fileRef = 8A6F8E761B7CCC5100E731C2 /* vigenereTests.swift */; };
		8A6F8E971B7CCCB200E731C2 /* AppDelegate.swift in Sources */ = {isa = PBXBuildFile; fileRef = 8A6F8E811B7CCCB200E731C2 /* AppDelegate.swift */; };
		8A6F8E981B7CCCB200E731C2 /* DataSingleton.swift in Sources */ = {isa = PBXBuildFile; fileRef = 8A6F8E821B7CCCB200E731C2 /* DataSingleton.swift */; };
		8A6F8E991B7CCCB200E731C2 /* Engine.swift in Sources */ = {isa = PBXBuildFile; fileRef = 8A6F8E831B7CCCB200E731C2 /* Engine.swift */; };
		8A6F8E9A1B7CCCB200E731C2 /* MainViewController.swift in Sources */ = {isa = PBXBuildFile; fileRef = 8A6F8E841B7CCCB200E731C2 /* MainViewController.swift */; };
		8A6F8E9B1B7CCCB200E731C2 /* MatrixViewController.swift in Sources */ = {isa = PBXBuildFile; fileRef = 8A6F8E851B7CCCB200E731C2 /* MatrixViewController.swift */; };
		8A6F8E9C1B7CCCB200E731C2 /* Const.swift in Sources */ = {isa = PBXBuildFile; fileRef = 8A6F8E871B7CCCB200E731C2 /* Const.swift */; };
		8A6F8E9D1B7CCCB200E731C2 /* L.swift in Sources */ = {isa = PBXBuildFile; fileRef = 8A6F8E881B7CCCB200E731C2 /* L.swift */; };
		8A6F8E9E1B7CCCB200E731C2 /* LocalizableStrings.strings in Resources */ = {isa = PBXBuildFile; fileRef = 8A6F8E8A1B7CCCB200E731C2 /* LocalizableStrings.strings */; };
		8A6F8E9F1B7CCCB200E731C2 /* Matrix.swift in Sources */ = {isa = PBXBuildFile; fileRef = 8A6F8E8E1B7CCCB200E731C2 /* Matrix.swift */; };
		8A6F8EA01B7CCCB200E731C2 /* Vigenere.xcdatamodeld in Sources */ = {isa = PBXBuildFile; fileRef = 8A6F8E8F1B7CCCB200E731C2 /* Vigenere.xcdatamodeld */; };
		8A6F8EA11B7CCCB200E731C2 /* Images.xcassets in Resources */ = {isa = PBXBuildFile; fileRef = 8A6F8E921B7CCCB200E731C2 /* Images.xcassets */; };
		8A6F8EA21B7CCCB200E731C2 /* Main.storyboard in Resources */ = {isa = PBXBuildFile; fileRef = 8A6F8E941B7CCCB200E731C2 /* Main.storyboard */; };
/* End PBXBuildFile section */

/* Begin PBXContainerItemProxy section */
		8A6F8E711B7CCC5100E731C2 /* PBXContainerItemProxy */ = {
			isa = PBXContainerItemProxy;
			containerPortal = 8A6F8E531B7CCC5100E731C2 /* Project object */;
			proxyType = 1;
			remoteGlobalIDString = 8A6F8E5A1B7CCC5100E731C2;
			remoteInfo = vigenere;
		};
/* End PBXContainerItemProxy section */

/* Begin PBXFileReference section */
		8A6F8E5B1B7CCC5100E731C2 /* vigenere.app */ = {isa = PBXFileReference; explicitFileType = wrapper.application; includeInIndex = 0; path = vigenere.app; sourceTree = BUILT_PRODUCTS_DIR; };
		8A6F8E5F1B7CCC5100E731C2 /* Info.plist */ = {isa = PBXFileReference; lastKnownFileType = text.plist.xml; path = Info.plist; sourceTree = "<group>"; };
		8A6F8E701B7CCC5100E731C2 /* vigenereTests.xctest */ = {isa = PBXFileReference; explicitFileType = wrapper.cfbundle; includeInIndex = 0; path = vigenereTests.xctest; sourceTree = BUILT_PRODUCTS_DIR; };
		8A6F8E751B7CCC5100E731C2 /* Info.plist */ = {isa = PBXFileReference; lastKnownFileType = text.plist.xml; path = Info.plist; sourceTree = "<group>"; };
		8A6F8E761B7CCC5100E731C2 /* vigenereTests.swift */ = {isa = PBXFileReference; lastKnownFileType = sourcecode.swift; path = vigenereTests.swift; sourceTree = "<group>"; };
		8A6F8E811B7CCCB200E731C2 /* AppDelegate.swift */ = {isa = PBXFileReference; fileEncoding = 4; lastKnownFileType = sourcecode.swift; path = AppDelegate.swift; sourceTree = "<group>"; };
		8A6F8E821B7CCCB200E731C2 /* DataSingleton.swift */ = {isa = PBXFileReference; fileEncoding = 4; lastKnownFileType = sourcecode.swift; path = DataSingleton.swift; sourceTree = "<group>"; };
		8A6F8E831B7CCCB200E731C2 /* Engine.swift */ = {isa = PBXFileReference; fileEncoding = 4; lastKnownFileType = sourcecode.swift; path = Engine.swift; sourceTree = "<group>"; };
		8A6F8E841B7CCCB200E731C2 /* MainViewController.swift */ = {isa = PBXFileReference; fileEncoding = 4; lastKnownFileType = sourcecode.swift; path = MainViewController.swift; sourceTree = "<group>"; };
		8A6F8E851B7CCCB200E731C2 /* MatrixViewController.swift */ = {isa = PBXFileReference; fileEncoding = 4; lastKnownFileType = sourcecode.swift; path = MatrixViewController.swift; sourceTree = "<group>"; };
		8A6F8E871B7CCCB200E731C2 /* Const.swift */ = {isa = PBXFileReference; fileEncoding = 4; lastKnownFileType = sourcecode.swift; path = Const.swift; sourceTree = "<group>"; };
		8A6F8E881B7CCCB200E731C2 /* L.swift */ = {isa = PBXFileReference; fileEncoding = 4; lastKnownFileType = sourcecode.swift; path = L.swift; sourceTree = "<group>"; };
		8A6F8E8B1B7CCCB200E731C2 /* Base */ = {isa = PBXFileReference; lastKnownFileType = text.plist.strings; name = Base; path = Base.lproj/LocalizableStrings.strings; sourceTree = "<group>"; };
		8A6F8E8C1B7CCCB200E731C2 /* en */ = {isa = PBXFileReference; lastKnownFileType = text.plist.strings; name = en; path = en.lproj/LocalizableStrings.strings; sourceTree = "<group>"; };
		8A6F8E8E1B7CCCB200E731C2 /* Matrix.swift */ = {isa = PBXFileReference; fileEncoding = 4; lastKnownFileType = sourcecode.swift; path = Matrix.swift; sourceTree = "<group>"; };
		8A6F8E901B7CCCB200E731C2 /* Vigenere.xcdatamodel */ = {isa = PBXFileReference; lastKnownFileType = wrapper.xcdatamodel; path = Vigenere.xcdatamodel; sourceTree = "<group>"; };
		8A6F8E921B7CCCB200E731C2 /* Images.xcassets */ = {isa = PBXFileReference; lastKnownFileType = folder.assetcatalog; path = Images.xcassets; sourceTree = "<group>"; };
		8A6F8E951B7CCCB200E731C2 /* Base */ = {isa = PBXFileReference; lastKnownFileType = file.storyboard; name = Base; path = Base.lproj/Main.storyboard; sourceTree = "<group>"; };
		8A6F8E961B7CCCB200E731C2 /* vigenere-Bridging-Header.h */ = {isa = PBXFileReference; fileEncoding = 4; lastKnownFileType = sourcecode.c.h; path = "vigenere-Bridging-Header.h"; sourceTree = "<group>"; };
/* End PBXFileReference section */

/* Begin PBXFrameworksBuildPhase section */
		8A6F8E581B7CCC5100E731C2 /* Frameworks */ = {
			isa = PBXFrameworksBuildPhase;
			buildActionMask = 2147483647;
			files = (
			);
			runOnlyForDeploymentPostprocessing = 0;
		};
		8A6F8E6D1B7CCC5100E731C2 /* Frameworks */ = {
			isa = PBXFrameworksBuildPhase;
			buildActionMask = 2147483647;
			files = (
			);
			runOnlyForDeploymentPostprocessing = 0;
		};
/* End PBXFrameworksBuildPhase section */

/* Begin PBXGroup section */
		8A6F8E521B7CCC5100E731C2 = {
			isa = PBXGroup;
			children = (
				8A6F8E5D1B7CCC5100E731C2 /* vigenere */,
				8A6F8E731B7CCC5100E731C2 /* vigenereTests */,
				8A6F8E5C1B7CCC5100E731C2 /* Products */,
			);
			sourceTree = "<group>";
		};
		8A6F8E5C1B7CCC5100E731C2 /* Products */ = {
			isa = PBXGroup;
			children = (
				8A6F8E5B1B7CCC5100E731C2 /* vigenere.app */,
				8A6F8E701B7CCC5100E731C2 /* vigenereTests.xctest */,
			);
			name = Products;
			sourceTree = "<group>";
		};
		8A6F8E5D1B7CCC5100E731C2 /* vigenere */ = {
			isa = PBXGroup;
			children = (
				8A6F8E961B7CCCB200E731C2 /* vigenere-Bridging-Header.h */,
				8A6F8E931B7CCCB200E731C2 /* storyboard */,
				8A6F8E801B7CCCB200E731C2 /* class */,
				8A6F8E891B7CCCB200E731C2 /* LocalizableStrings */,
				8A6F8E8D1B7CCCB200E731C2 /* model */,
				8A6F8E911B7CCCB200E731C2 /* ressources */,
				8A6F8E5E1B7CCC5100E731C2 /* Supporting Files */,
			);
			path = vigenere;
			sourceTree = "<group>";
		};
		8A6F8E5E1B7CCC5100E731C2 /* Supporting Files */ = {
			isa = PBXGroup;
			children = (
				8A6F8E5F1B7CCC5100E731C2 /* Info.plist */,
			);
			name = "Supporting Files";
			sourceTree = "<group>";
		};
		8A6F8E731B7CCC5100E731C2 /* vigenereTests */ = {
			isa = PBXGroup;
			children = (
				8A6F8E761B7CCC5100E731C2 /* vigenereTests.swift */,
				8A6F8E741B7CCC5100E731C2 /* Supporting Files */,
			);
			path = vigenereTests;
			sourceTree = "<group>";
		};
		8A6F8E741B7CCC5100E731C2 /* Supporting Files */ = {
			isa = PBXGroup;
			children = (
				8A6F8E751B7CCC5100E731C2 /* Info.plist */,
			);
			name = "Supporting Files";
			sourceTree = "<group>";
		};
		8A6F8E801B7CCCB200E731C2 /* class */ = {
			isa = PBXGroup;
			children = (
				8A6F8E811B7CCCB200E731C2 /* AppDelegate.swift */,
				8A6F8E821B7CCCB200E731C2 /* DataSingleton.swift */,
				8A6F8E831B7CCCB200E731C2 /* Engine.swift */,
				8A6F8E841B7CCCB200E731C2 /* MainViewController.swift */,
				8A6F8E851B7CCCB200E731C2 /* MatrixViewController.swift */,
				8A6F8E861B7CCCB200E731C2 /* Utils */,
			);
			path = class;
			sourceTree = "<group>";
		};
		8A6F8E861B7CCCB200E731C2 /* Utils */ = {
			isa = PBXGroup;
			children = (
				8A6F8E871B7CCCB200E731C2 /* Const.swift */,
				8A6F8E881B7CCCB200E731C2 /* L.swift */,
			);
			path = Utils;
			sourceTree = "<group>";
		};
		8A6F8E891B7CCCB200E731C2 /* LocalizableStrings */ = {
			isa = PBXGroup;
			children = (
				8A6F8E8A1B7CCCB200E731C2 /* LocalizableStrings.strings */,
			);
			path = LocalizableStrings;
			sourceTree = "<group>";
		};
		8A6F8E8D1B7CCCB200E731C2 /* model */ = {
			isa = PBXGroup;
			children = (
				8A6F8E8E1B7CCCB200E731C2 /* Matrix.swift */,
				8A6F8E8F1B7CCCB200E731C2 /* Vigenere.xcdatamodeld */,
			);
			path = model;
			sourceTree = "<group>";
		};
		8A6F8E911B7CCCB200E731C2 /* ressources */ = {
			isa = PBXGroup;
			children = (
				8A6F8E921B7CCCB200E731C2 /* Images.xcassets */,
			);
			path = ressources;
			sourceTree = "<group>";
		};
		8A6F8E931B7CCCB200E731C2 /* storyboard */ = {
			isa = PBXGroup;
			children = (
				8A6F8E941B7CCCB200E731C2 /* Main.storyboard */,
			);
			path = storyboard;
			sourceTree = "<group>";
		};
/* End PBXGroup section */

/* Begin PBXNativeTarget section */
		8A6F8E5A1B7CCC5100E731C2 /* vigenere */ = {
			isa = PBXNativeTarget;
			buildConfigurationList = 8A6F8E7A1B7CCC5100E731C2 /* Build configuration list for PBXNativeTarget "vigenere" */;
			buildPhases = (
				8A6F8E571B7CCC5100E731C2 /* Sources */,
				8A6F8E581B7CCC5100E731C2 /* Frameworks */,
				8A6F8E591B7CCC5100E731C2 /* Resources */,
			);
			buildRules = (
			);
			dependencies = (
			);
			name = vigenere;
			productName = vigenere;
			productReference = 8A6F8E5B1B7CCC5100E731C2 /* vigenere.app */;
			productType = "com.apple.product-type.application";
		};
		8A6F8E6F1B7CCC5100E731C2 /* vigenereTests */ = {
			isa = PBXNativeTarget;
			buildConfigurationList = 8A6F8E7D1B7CCC5100E731C2 /* Build configuration list for PBXNativeTarget "vigenereTests" */;
			buildPhases = (
				8A6F8E6C1B7CCC5100E731C2 /* Sources */,
				8A6F8E6D1B7CCC5100E731C2 /* Frameworks */,
				8A6F8E6E1B7CCC5100E731C2 /* Resources */,
			);
			buildRules = (
			);
			dependencies = (
				8A6F8E721B7CCC5100E731C2 /* PBXTargetDependency */,
			);
			name = vigenereTests;
			productName = vigenereTests;
			productReference = 8A6F8E701B7CCC5100E731C2 /* vigenereTests.xctest */;
			productType = "com.apple.product-type.bundle.unit-test";
		};
/* End PBXNativeTarget section */

/* Begin PBXProject section */
		8A6F8E531B7CCC5100E731C2 /* Project object */ = {
			isa = PBXProject;
			attributes = {
				LastUpgradeCheck = 0640;
				ORGANIZATIONNAME = "Vincent PUGET";
				TargetAttributes = {
					8A6F8E5A1B7CCC5100E731C2 = {
						CreatedOnToolsVersion = 6.4;
					};
					8A6F8E6F1B7CCC5100E731C2 = {
						CreatedOnToolsVersion = 6.4;
						TestTargetID = 8A6F8E5A1B7CCC5100E731C2;
					};
				};
			};
			buildConfigurationList = 8A6F8E561B7CCC5100E731C2 /* Build configuration list for PBXProject "vigenere" */;
			compatibilityVersion = "Xcode 3.2";
			developmentRegion = English;
			hasScannedForEncodings = 0;
			knownRegions = (
				en,
				Base,
			);
			mainGroup = 8A6F8E521B7CCC5100E731C2;
			productRefGroup = 8A6F8E5C1B7CCC5100E731C2 /* Products */;
			projectDirPath = "";
			projectRoot = "";
			targets = (
				8A6F8E5A1B7CCC5100E731C2 /* vigenere */,
				8A6F8E6F1B7CCC5100E731C2 /* vigenereTests */,
			);
		};
/* End PBXProject section */

/* Begin PBXResourcesBuildPhase section */
		8A6F8E591B7CCC5100E731C2 /* Resources */ = {
			isa = PBXResourcesBuildPhase;
			buildActionMask = 2147483647;
			files = (
				8A6F8EA21B7CCCB200E731C2 /* Main.storyboard in Resources */,
				8A6F8E9E1B7CCCB200E731C2 /* LocalizableStrings.strings in Resources */,
				8A6F8EA11B7CCCB200E731C2 /* Images.xcassets in Resources */,
			);
			runOnlyForDeploymentPostprocessing = 0;
		};
		8A6F8E6E1B7CCC5100E731C2 /* Resources */ = {
			isa = PBXResourcesBuildPhase;
			buildActionMask = 2147483647;
			files = (
			);
			runOnlyForDeploymentPostprocessing = 0;
		};
/* End PBXResourcesBuildPhase section */

/* Begin PBXSourcesBuildPhase section */
		8A6F8E571B7CCC5100E731C2 /* Sources */ = {
			isa = PBXSourcesBuildPhase;
			buildActionMask = 2147483647;
			files = (
				8A6F8EA01B7CCCB200E731C2 /* Vigenere.xcdatamodeld in Sources */,
				8A6F8E971B7CCCB200E731C2 /* AppDelegate.swift in Sources */,
				8A6F8E991B7CCCB200E731C2 /* Engine.swift in Sources */,
				8A6F8E981B7CCCB200E731C2 /* DataSingleton.swift in Sources */,
				8A6F8E9A1B7CCCB200E731C2 /* MainViewController.swift in Sources */,
				8A6F8E9F1B7CCCB200E731C2 /* Matrix.swift in Sources */,
				8A6F8E9D1B7CCCB200E731C2 /* L.swift in Sources */,
				8A6F8E9B1B7CCCB200E731C2 /* MatrixViewController.swift in Sources */,
				8A6F8E9C1B7CCCB200E731C2 /* Const.swift in Sources */,
			);
			runOnlyForDeploymentPostprocessing = 0;
		};
		8A6F8E6C1B7CCC5100E731C2 /* Sources */ = {
			isa = PBXSourcesBuildPhase;
			buildActionMask = 2147483647;
			files = (
				8A6F8E771B7CCC5100E731C2 /* vigenereTests.swift in Sources */,
			);
			runOnlyForDeploymentPostprocessing = 0;
		};
/* End PBXSourcesBuildPhase section */

/* Begin PBXTargetDependency section */
		8A6F8E721B7CCC5100E731C2 /* PBXTargetDependency */ = {
			isa = PBXTargetDependency;
			target = 8A6F8E5A1B7CCC5100E731C2 /* vigenere */;
			targetProxy = 8A6F8E711B7CCC5100E731C2 /* PBXContainerItemProxy */;
		};
/* End PBXTargetDependency section */

/* Begin PBXVariantGroup section */
		8A6F8E8A1B7CCCB200E731C2 /* LocalizableStrings.strings */ = {
			isa = PBXVariantGroup;
			children = (
				8A6F8E8B1B7CCCB200E731C2 /* Base */,
				8A6F8E8C1B7CCCB200E731C2 /* en */,
			);
			name = LocalizableStrings.strings;
			sourceTree = "<group>";
		};
		8A6F8E941B7CCCB200E731C2 /* Main.storyboard */ = {
			isa = PBXVariantGroup;
			children = (
				8A6F8E951B7CCCB200E731C2 /* Base */,
			);
			name = Main.storyboard;
			sourceTree = "<group>";
		};
/* End PBXVariantGroup section */

/* Begin XCBuildConfiguration section */
		8A6F8E781B7CCC5100E731C2 /* Debug */ = {
			isa = XCBuildConfiguration;
			buildSettings = {
				ALWAYS_SEARCH_USER_PATHS = NO;
				CLANG_CXX_LANGUAGE_STANDARD = "gnu++0x";
				CLANG_CXX_LIBRARY = "libc++";
				CLANG_ENABLE_MODULES = YES;
				CLANG_ENABLE_OBJC_ARC = YES;
				CLANG_WARN_BOOL_CONVERSION = YES;
				CLANG_WARN_CONSTANT_CONVERSION = YES;
				CLANG_WARN_DIRECT_OBJC_ISA_USAGE = YES_ERROR;
				CLANG_WARN_EMPTY_BODY = YES;
				CLANG_WARN_ENUM_CONVERSION = YES;
				CLANG_WARN_INT_CONVERSION = YES;
				CLANG_WARN_OBJC_ROOT_CLASS = YES_ERROR;
				CLANG_WARN_UNREACHABLE_CODE = YES;
				CLANG_WARN__DUPLICATE_METHOD_MATCH = YES;
				CODE_SIGN_IDENTITY = "-";
				COPY_PHASE_STRIP = NO;
				DEBUG_INFORMATION_FORMAT = dwarf;
				ENABLE_STRICT_OBJC_MSGSEND = YES;
				GCC_C_LANGUAGE_STANDARD = gnu99;
				GCC_DYNAMIC_NO_PIC = NO;
				GCC_NO_COMMON_BLOCKS = YES;
				GCC_OPTIMIZATION_LEVEL = 0;
				GCC_PREPROCESSOR_DEFINITIONS = (
					"DEBUG=1",
					"$(inherited)",
				);
				GCC_SYMBOLS_PRIVATE_EXTERN = NO;
				GCC_WARN_64_TO_32_BIT_CONVERSION = YES;
				GCC_WARN_ABOUT_RETURN_TYPE = YES_ERROR;
				GCC_WARN_UNDECLARED_SELECTOR = YES;
				GCC_WARN_UNINITIALIZED_AUTOS = YES_AGGRESSIVE;
				GCC_WARN_UNUSED_FUNCTION = YES;
				GCC_WARN_UNUSED_VARIABLE = YES;
				MACOSX_DEPLOYMENT_TARGET = 10.10;
				MTL_ENABLE_DEBUG_INFO = YES;
				ONLY_ACTIVE_ARCH = YES;
				SDKROOT = macosx;
				SWIFT_OPTIMIZATION_LEVEL = "-Onone";
			};
			name = Debug;
		};
		8A6F8E791B7CCC5100E731C2 /* Release */ = {
			isa = XCBuildConfiguration;
			buildSettings = {
				ALWAYS_SEARCH_USER_PATHS = NO;
				CLANG_CXX_LANGUAGE_STANDARD = "gnu++0x";
				CLANG_CXX_LIBRARY = "libc++";
				CLANG_ENABLE_MODULES = YES;
				CLANG_ENABLE_OBJC_ARC = YES;
				CLANG_WARN_BOOL_CONVERSION = YES;
				CLANG_WARN_CONSTANT_CONVERSION = YES;
				CLANG_WARN_DIRECT_OBJC_ISA_USAGE = YES_ERROR;
				CLANG_WARN_EMPTY_BODY = YES;
				CLANG_WARN_ENUM_CONVERSION = YES;
				CLANG_WARN_INT_CONVERSION = YES;
				CLANG_WARN_OBJC_ROOT_CLASS = YES_ERROR;
				CLANG_WARN_UNREACHABLE_CODE = YES;
				CLANG_WARN__DUPLICATE_METHOD_MATCH = YES;
				CODE_SIGN_IDENTITY = "-";
				COPY_PHASE_STRIP = NO;
				DEBUG_INFORMATION_FORMAT = "dwarf-with-dsym";
				ENABLE_NS_ASSERTIONS = NO;
				ENABLE_STRICT_OBJC_MSGSEND = YES;
				GCC_C_LANGUAGE_STANDARD = gnu99;
				GCC_NO_COMMON_BLOCKS = YES;
				GCC_WARN_64_TO_32_BIT_CONVERSION = YES;
				GCC_WARN_ABOUT_RETURN_TYPE = YES_ERROR;
				GCC_WARN_UNDECLARED_SELECTOR = YES;
				GCC_WARN_UNINITIALIZED_AUTOS = YES_AGGRESSIVE;
				GCC_WARN_UNUSED_FUNCTION = YES;
				GCC_WARN_UNUSED_VARIABLE = YES;
				MACOSX_DEPLOYMENT_TARGET = 10.10;
				MTL_ENABLE_DEBUG_INFO = NO;
				SDKROOT = macosx;
			};
			name = Release;
		};
		8A6F8E7B1B7CCC5100E731C2 /* Debug */ = {
			isa = XCBuildConfiguration;
			buildSettings = {
				ASSETCATALOG_COMPILER_APPICON_NAME = AppIcon;
				COMBINE_HIDPI_IMAGES = YES;
				INFOPLIST_FILE = vigenere/Info.plist;
				LD_RUNPATH_SEARCH_PATHS = "$(inherited) @executable_path/../Frameworks";
				MACOSX_DEPLOYMENT_TARGET = 10.9;
				PRODUCT_NAME = "$(TARGET_NAME)";
				PROVISIONING_PROFILE = "";
			};
			name = Debug;
		};
		8A6F8E7C1B7CCC5100E731C2 /* Release */ = {
			isa = XCBuildConfiguration;
			buildSettings = {
				ASSETCATALOG_COMPILER_APPICON_NAME = AppIcon;
				COMBINE_HIDPI_IMAGES = YES;
				INFOPLIST_FILE = vigenere/Info.plist;
				LD_RUNPATH_SEARCH_PATHS = "$(inherited) @executable_path/../Frameworks";
				MACOSX_DEPLOYMENT_TARGET = 10.9;
				PRODUCT_NAME = "$(TARGET_NAME)";
				PROVISIONING_PROFILE = "";
			};
			name = Release;
		};
		8A6F8E7E1B7CCC5100E731C2 /* Debug */ = {
			isa = XCBuildConfiguration;
			buildSettings = {
				BUNDLE_LOADER = "$(TEST_HOST)";
				COMBINE_HIDPI_IMAGES = YES;
				FRAMEWORK_SEARCH_PATHS = (
					"$(DEVELOPER_FRAMEWORKS_DIR)",
					"$(inherited)",
				);
				GCC_PREPROCESSOR_DEFINITIONS = (
					"DEBUG=1",
					"$(inherited)",
				);
				INFOPLIST_FILE = vigenereTests/Info.plist;
				LD_RUNPATH_SEARCH_PATHS = "$(inherited) @executable_path/../Frameworks @loader_path/../Frameworks";
				PRODUCT_NAME = "$(TARGET_NAME)";
				TEST_HOST = "$(BUILT_PRODUCTS_DIR)/vigenere.app/Contents/MacOS/vigenere";
			};
			name = Debug;
		};
		8A6F8E7F1B7CCC5100E731C2 /* Release */ = {
			isa = XCBuildConfiguration;
			buildSettings = {
				BUNDLE_LOADER = "$(TEST_HOST)";
				COMBINE_HIDPI_IMAGES = YES;
				FRAMEWORK_SEARCH_PATHS = (
					"$(DEVELOPER_FRAMEWORKS_DIR)",
					"$(inherited)",
				);
				INFOPLIST_FILE = vigenereTests/Info.plist;
				LD_RUNPATH_SEARCH_PATHS = "$(inherited) @executable_path/../Frameworks @loader_path/../Frameworks";
				PRODUCT_NAME = "$(TARGET_NAME)";
				TEST_HOST = "$(BUILT_PRODUCTS_DIR)/vigenere.app/Contents/MacOS/vigenere";
			};
			name = Release;
		};
/* End XCBuildConfiguration section */

/* Begin XCConfigurationList section */
		8A6F8E561B7CCC5100E731C2 /* Build configuration list for PBXProject "vigenere" */ = {
			isa = XCConfigurationList;
			buildConfigurations = (
				8A6F8E781B7CCC5100E731C2 /* Debug */,
				8A6F8E791B7CCC5100E731C2 /* Release */,
			);
			defaultConfigurationIsVisible = 0;
			defaultConfigurationName = Release;
		};
		8A6F8E7A1B7CCC5100E731C2 /* Build configuration list for PBXNativeTarget "vigenere" */ = {
			isa = XCConfigurationList;
			buildConfigurations = (
				8A6F8E7B1B7CCC5100E731C2 /* Debug */,
				8A6F8E7C1B7CCC5100E731C2 /* Release */,
			);
			defaultConfigurationIsVisible = 0;
			defaultConfigurationName = Release;
		};
		8A6F8E7D1B7CCC5100E731C2 /* Build configuration list for PBXNativeTarget "vigenereTests" */ = {
			isa = XCConfigurationList;
			buildConfigurations = (
				8A6F8E7E1B7CCC5100E731C2 /* Debug */,
				8A6F8E7F1B7CCC5100E731C2 /* Release */,
			);
			defaultConfigurationIsVisible = 0;
			defaultConfigurationName = Release;
		};
/* End XCConfigurationList section */

/* Begin XCVersionGroup section */
		8A6F8E8F1B7CCCB200E731C2 /* Vigenere.xcdatamodeld */ = {
			isa = XCVersionGroup;
			children = (
				8A6F8E901B7CCCB200E731C2 /* Vigenere.xcdatamodel */,
			);
			currentVersion = 8A6F8E901B7CCCB200E731C2 /* Vigenere.xcdatamodel */;
			path = Vigenere.xcdatamodeld;
			sourceTree = "<group>";
			versionGroupType = wrapper.xcdatamodel;
		};
/* End XCVersionGroup section */
	};
	rootObject = 8A6F8E531B7CCC5100E731C2 /* Project object */;
}
